
Microsoft Visual Studio Solution File, Format Version 12.00
# Visual Studio Version 17
VisualStudioVersion = 17.3.32929.385
MinimumVisualStudioVersion = 10.0.40219.1
Project("{8BC9CEB8-8B4A-11D0-8D11-00A0C91BC942}") = "DebuggingAssignment", "DebuggingAssignment\DebuggingAssignment.vcxproj", "{3952374A-6D70-42D2-834E-03075634B18A}"
EndProject
Global
	GlobalSection(SolutionConfigurationPlatforms) = preSolution
		Debug|x64 = Debug|x64
		Debug|x86 = Debug|x86
		Release|x64 = Release|x64
		Release|x86 = Release|x86
	EndGlobalSection
	GlobalSection(ProjectConfigurationPlatforms) = postSolution
		{3952374A-6D70-42D2-834E-03075634B18A}.Debug|x64.ActiveCfg = Debug|x64
		{3952374A-6D70-42D2-834E-03075634B18A}.Debug|x64.Build.0 = Debug|x64
		{3952374A-6D70-42D2-834E-03075634B18A}.Debug|x86.ActiveCfg = Debug|Win32
		{3952374A-6D70-42D2-834E-03075634B18A}.Debug|x86.Build.0 = Debug|Win32
		{3952374A-6D70-42D2-834E-03075634B18A}.Release|x64.ActiveCfg = Release|x64
		{3952374A-6D70-42D2-834E-03075634B18A}.Release|x64.Build.0 = Release|x64
		{3952374A-6D70-42D2-834E-03075634B18A}.Release|x86.ActiveCfg = Release|Win32
		{3952374A-6D70-42D2-834E-03075634B18A}.Release|x86.Build.0 = Release|Win32
	EndGlobalSection
	GlobalSection(SolutionProperties) = preSolution
		HideSolutionNode = FALSE
	EndGlobalSection
	GlobalSection(ExtensibilityGlobals) = postSolution
		SolutionGuid = {4F171F63-6AFA-4DA5-9ED8-D8835AF27B9A}
	EndGlobalSection
EndGlobal
